
Microsoft Visual Studio Solution File, Format Version 12.00
# Visual Studio Version 17
VisualStudioVersion = 17.10.34916.146
MinimumVisualStudioVersion = 10.0.40219.1
Project("{9A19103F-16F7-4668-BE54-9A1E7A4F7556}") = "Portfolio", "Portfolio.csproj", "{4C1A3380-F9A3-4348-B474-9EE697AF8003}"
EndProject
Project("{9A19103F-16F7-4668-BE54-9A1E7A4F7556}") = "Requests", "..\Portfolio API\Requests\Requests.csproj", "{35B1A54B-C504-4236-BB31-BAA0205B64A1}"
EndProject
Project("{9A19103F-16F7-4668-BE54-9A1E7A4F7556}") = "Responses", "..\Portfolio API\Responses\Responses.csproj", "{5F5C02A9-8586-480B-807F-841DF91DE807}"
EndProject
Global
	GlobalSection(SolutionConfigurationPlatforms) = preSolution
		Debug|Any CPU = Debug|Any CPU
		Release|Any CPU = Release|Any CPU
	EndGlobalSection
	GlobalSection(ProjectConfigurationPlatforms) = postSolution
		{4C1A3380-F9A3-4348-B474-9EE697AF8003}.Debug|Any CPU.ActiveCfg = Debug|Any CPU
		{4C1A3380-F9A3-4348-B474-9EE697AF8003}.Debug|Any CPU.Build.0 = Debug|Any CPU
		{4C1A3380-F9A3-4348-B474-9EE697AF8003}.Release|Any CPU.ActiveCfg = Release|Any CPU
		{4C1A3380-F9A3-4348-B474-9EE697AF8003}.Release|Any CPU.Build.0 = Release|Any CPU
		{35B1A54B-C504-4236-BB31-BAA0205B64A1}.Debug|Any CPU.ActiveCfg = Debug|Any CPU
		{35B1A54B-C504-4236-BB31-BAA0205B64A1}.Debug|Any CPU.Build.0 = Debug|Any CPU
		{35B1A54B-C504-4236-BB31-BAA0205B64A1}.Release|Any CPU.ActiveCfg = Release|Any CPU
		{35B1A54B-C504-4236-BB31-BAA0205B64A1}.Release|Any CPU.Build.0 = Release|Any CPU
		{5F5C02A9-8586-480B-807F-841DF91DE807}.Debug|Any CPU.ActiveCfg = Debug|Any CPU
		{5F5C02A9-8586-480B-807F-841DF91DE807}.Debug|Any CPU.Build.0 = Debug|Any CPU
		{5F5C02A9-8586-480B-807F-841DF91DE807}.Release|Any CPU.ActiveCfg = Release|Any CPU
		{5F5C02A9-8586-480B-807F-841DF91DE807}.Release|Any CPU.Build.0 = Release|Any CPU
	EndGlobalSection
	GlobalSection(SolutionProperties) = preSolution
		HideSolutionNode = FALSE
	EndGlobalSection
	GlobalSection(ExtensibilityGlobals) = postSolution
		SolutionGuid = {6334197A-B2C8-4A6B-8667-31619D3B2CBE}
	EndGlobalSection
EndGlobal
